
Microsoft Visual Studio Solution File, Format Version 12.00
# Visual Studio 2012
Project("{FAE04EC0-301F-11D3-BF4B-00C04F79EFBC}") = "CleverDolphin", "CleverDolphin\CleverDolphin\CleverDolphin.csproj", "{1DE84EEF-97CC-4509-A843-5993046413DA}"
EndProject
Project("{FAE04EC0-301F-11D3-BF4B-00C04F79EFBC}") = "CleverDolphinContent", "CleverDolphin\CleverDolphinContent\CleverDolphinContent.contentproj", "{28C1B83B-500F-40CB-9B8B-87E49D323338}"
EndProject
Project("{FAE04EC0-301F-11D3-BF4B-00C04F79EFBC}") = "CleverDolphinTest", "CleverDolphinTest\CleverDolphinTest.csproj", "{30CA99F0-370C-45F1-9838-B3797294B87C}"
EndProject
Global
	GlobalSection(SolutionConfigurationPlatforms) = preSolution
		Debug|Any CPU = Debug|Any CPU
		Debug|Mixed Platforms = Debug|Mixed Platforms
		Debug|x86 = Debug|x86
		Release|Any CPU = Release|Any CPU
		Release|Mixed Platforms = Release|Mixed Platforms
		Release|x86 = Release|x86
	EndGlobalSection
	GlobalSection(ProjectConfigurationPlatforms) = postSolution
		{1DE84EEF-97CC-4509-A843-5993046413DA}.Debug|Any CPU.ActiveCfg = Debug|x86
		{1DE84EEF-97CC-4509-A843-5993046413DA}.Debug|Mixed Platforms.ActiveCfg = Debug|x86
		{1DE84EEF-97CC-4509-A843-5993046413DA}.Debug|Mixed Platforms.Build.0 = Debug|x86
		{1DE84EEF-97CC-4509-A843-5993046413DA}.Debug|x86.ActiveCfg = Debug|x86
		{1DE84EEF-97CC-4509-A843-5993046413DA}.Debug|x86.Build.0 = Debug|x86
		{1DE84EEF-97CC-4509-A843-5993046413DA}.Release|Any CPU.ActiveCfg = Release|x86
		{1DE84EEF-97CC-4509-A843-5993046413DA}.Release|Mixed Platforms.ActiveCfg = Release|x86
		{1DE84EEF-97CC-4509-A843-5993046413DA}.Release|Mixed Platforms.Build.0 = Release|x86
		{1DE84EEF-97CC-4509-A843-5993046413DA}.Release|x86.ActiveCfg = Release|x86
		{1DE84EEF-97CC-4509-A843-5993046413DA}.Release|x86.Build.0 = Release|x86
		{28C1B83B-500F-40CB-9B8B-87E49D323338}.Debug|Any CPU.ActiveCfg = Debug|x86
		{28C1B83B-500F-40CB-9B8B-87E49D323338}.Debug|Mixed Platforms.ActiveCfg = Debug|x86
		{28C1B83B-500F-40CB-9B8B-87E49D323338}.Debug|x86.ActiveCfg = Debug|x86
		{28C1B83B-500F-40CB-9B8B-87E49D323338}.Release|Any CPU.ActiveCfg = Release|x86
		{28C1B83B-500F-40CB-9B8B-87E49D323338}.Release|Mixed Platforms.ActiveCfg = Release|x86
		{28C1B83B-500F-40CB-9B8B-87E49D323338}.Release|x86.ActiveCfg = Release|x86
		{30CA99F0-370C-45F1-9838-B3797294B87C}.Debug|Any CPU.ActiveCfg = Debug|Any CPU
		{30CA99F0-370C-45F1-9838-B3797294B87C}.Debug|Any CPU.Build.0 = Debug|Any CPU
		{30CA99F0-370C-45F1-9838-B3797294B87C}.Debug|Mixed Platforms.ActiveCfg = Debug|Any CPU
		{30CA99F0-370C-45F1-9838-B3797294B87C}.Debug|Mixed Platforms.Build.0 = Debug|Any CPU
		{30CA99F0-370C-45F1-9838-B3797294B87C}.Debug|x86.ActiveCfg = Debug|Any CPU
		{30CA99F0-370C-45F1-9838-B3797294B87C}.Release|Any CPU.ActiveCfg = Release|Any CPU
		{30CA99F0-370C-45F1-9838-B3797294B87C}.Release|Any CPU.Build.0 = Release|Any CPU
		{30CA99F0-370C-45F1-9838-B3797294B87C}.Release|Mixed Platforms.ActiveCfg = Release|Any CPU
		{30CA99F0-370C-45F1-9838-B3797294B87C}.Release|Mixed Platforms.Build.0 = Release|Any CPU
		{30CA99F0-370C-45F1-9838-B3797294B87C}.Release|x86.ActiveCfg = Release|Any CPU
	EndGlobalSection
	GlobalSection(SolutionProperties) = preSolution
		HideSolutionNode = FALSE
	EndGlobalSection
EndGlobal
