
Microsoft Visual Studio Solution File, Format Version 12.00
# Visual Studio 2012
Project("{FAE04EC0-301F-11D3-BF4B-00C04F79EFBC}") = "FirstXNAProject", "FirstXNAProject\FirstXNAProject\FirstXNAProject.csproj", "{8040F733-E119-4DF8-93FE-C7B62B184963}"
EndProject
Project("{96E2B04D-8817-42C6-938A-82C39BA4D311}") = "FirstXNAProjectContent", "FirstXNAProject\FirstXNAProjectContent\FirstXNAProjectContent.contentproj", "{49B0AE70-DBF4-4C37-9ED1-7F139F00B85F}"
EndProject
Global
	GlobalSection(SolutionConfigurationPlatforms) = preSolution
		Debug|x86 = Debug|x86
		Release|x86 = Release|x86
	EndGlobalSection
	GlobalSection(ProjectConfigurationPlatforms) = postSolution
		{8040F733-E119-4DF8-93FE-C7B62B184963}.Debug|x86.ActiveCfg = Debug|x86
		{8040F733-E119-4DF8-93FE-C7B62B184963}.Debug|x86.Build.0 = Debug|x86
		{8040F733-E119-4DF8-93FE-C7B62B184963}.Release|x86.ActiveCfg = Release|x86
		{8040F733-E119-4DF8-93FE-C7B62B184963}.Release|x86.Build.0 = Release|x86
		{49B0AE70-DBF4-4C37-9ED1-7F139F00B85F}.Debug|x86.ActiveCfg = Debug|x86
		{49B0AE70-DBF4-4C37-9ED1-7F139F00B85F}.Release|x86.ActiveCfg = Release|x86
	EndGlobalSection
	GlobalSection(SolutionProperties) = preSolution
		HideSolutionNode = FALSE
	EndGlobalSection
EndGlobal
